
Microsoft Visual Studio Solution File, Format Version 12.00
# Visual Studio Version 17
VisualStudioVersion = 17.7.34031.279
MinimumVisualStudioVersion = 10.0.40219.1
Project("{FAE04EC0-301F-11D3-BF4B-00C04F79EFBC}") = "ProyectoViajes", "ProyectoViajes\ProyectoViajes.csproj", "{1A119AB2-F1A0-47CB-9B4E-51A713F35B3C}"
EndProject
Global
	GlobalSection(SolutionConfigurationPlatforms) = preSolution
		Debug|Any CPU = Debug|Any CPU
		Release|Any CPU = Release|Any CPU
	EndGlobalSection
	GlobalSection(ProjectConfigurationPlatforms) = postSolution
		{1A119AB2-F1A0-47CB-9B4E-51A713F35B3C}.Debug|Any CPU.ActiveCfg = Debug|Any CPU
		{1A119AB2-F1A0-47CB-9B4E-51A713F35B3C}.Debug|Any CPU.Build.0 = Debug|Any CPU
		{1A119AB2-F1A0-47CB-9B4E-51A713F35B3C}.Release|Any CPU.ActiveCfg = Release|Any CPU
		{1A119AB2-F1A0-47CB-9B4E-51A713F35B3C}.Release|Any CPU.Build.0 = Release|Any CPU
	EndGlobalSection
	GlobalSection(SolutionProperties) = preSolution
		HideSolutionNode = FALSE
	EndGlobalSection
	GlobalSection(ExtensibilityGlobals) = postSolution
		SolutionGuid = {6E4993BF-C901-4C84-AB0A-8435870AADC4}
	EndGlobalSection
EndGlobal
